
Microsoft Visual Studio Solution File, Format Version 12.00
# Visual Studio Version 16
VisualStudioVersion = 16.0.29509.3
MinimumVisualStudioVersion = 10.0.40219.1
Project("{FAE04EC0-301F-11D3-BF4B-00C04F79EFBC}") = "Spam Checker", "Spam Checker\Spam Checker.csproj", "{E96F7F37-0591-43AB-B3C9-5F4283E9575A}"
EndProject
Global
	GlobalSection(SolutionConfigurationPlatforms) = preSolution
		Debug|Any CPU = Debug|Any CPU
		Release|Any CPU = Release|Any CPU
	EndGlobalSection
	GlobalSection(ProjectConfigurationPlatforms) = postSolution
		{E96F7F37-0591-43AB-B3C9-5F4283E9575A}.Debug|Any CPU.ActiveCfg = Debug|Any CPU
		{E96F7F37-0591-43AB-B3C9-5F4283E9575A}.Debug|Any CPU.Build.0 = Debug|Any CPU
		{E96F7F37-0591-43AB-B3C9-5F4283E9575A}.Release|Any CPU.ActiveCfg = Release|Any CPU
		{E96F7F37-0591-43AB-B3C9-5F4283E9575A}.Release|Any CPU.Build.0 = Release|Any CPU
	EndGlobalSection
	GlobalSection(SolutionProperties) = preSolution
		HideSolutionNode = FALSE
	EndGlobalSection
	GlobalSection(ExtensibilityGlobals) = postSolution
		SolutionGuid = {44A286E5-3998-4AAC-A3EA-C7B0907F6BC5}
	EndGlobalSection
EndGlobal
